{
  "nodes": {
    "nixpkgs": {
      "locked": {
        "lastModified": 1755205935,
        "narHash": "sha256-EQ6qHuJWguaoBZyxdqsgJqyEdS77k+2CnlKrfFxlkRY=",
        "owner": "NixOS",
        "repo": "nixpkgs",
        "rev": "c5e2e42c112de623adfd662b3e51f0805bf9ff83",
        "type": "github"
      },
      "original": {
        "id": "nixpkgs",
        "ref": "nixpkgs-unstable",
        "type": "indirect"
      }
    },
    "root": {
      "inputs": {
        "nixpkgs": "nixpkgs"
      }
    }
  },
  "root": "root",
  "version": 7
}
