{
  "nodes": {
    "nixpkgs": {
      "locked": {
        "lastModified": 1738702386,
        "narHash": "sha256-nJj8f78AYAxl/zqLiFGXn5Im1qjFKU8yBPKoWEeZN5M=",
        "rev": "030ba1976b7c0e1a67d9716b17308ccdab5b381e",
        "revCount": 714101,
        "type": "tarball",
        "url": "https://api.flakehub.com/f/pinned/NixOS/nixpkgs/0.2411.714101%2Brev-030ba1976b7c0e1a67d9716b17308ccdab5b381e/0194d430-0888-7e3a-9b85-9a33c6144c86/source.tar.gz"
      },
      "original": {
        "type": "tarball",
        "url": "https://flakehub.com/f/NixOS/nixpkgs/%2A.tar.gz"
      }
    },
    "root": {
      "inputs": {
        "nixpkgs": "nixpkgs"
      }
    }
  },
  "root": "root",
  "version": 7
}
